dependencies:
- name: nico-api
  repository: ""
  version: 0.1.1
- name: nico-bmc-proxy
  repository: ""
  version: 0.1.0
- name: nico-dhcp
  repository: ""
  version: 0.1.0
- name: nico-dns
  repository: ""
  version: 0.1.0
- name: nico-dsx-exchange-consumer
  repository: ""
  version: 0.1.0
- name: nico-flow
  repository: ""
  version: 0.1.0
- name: nico-hardware-health
  repository: ""
  version: 0.1.0
- name: nico-pxe
  repository: ""
  version: 0.1.0
- name: nico-ssh-console-rs
  repository: ""
  version: 0.1.0
- name: unbound
  repository: ""
  version: 0.1.0
digest: sha256:2f38c3863607699d2c6b58bfba983fa8ed7bf7781495b0c4da73d127c89c58a6
generated: "2026-06-02T11:05:56.052559563-07:00"
